
Microsoft Visual Studio Solution File, Format Version 12.00
# Visual Studio Version 17
VisualStudioVersion = 17.11.35327.3
MinimumVisualStudioVersion = 10.0.40219.1
Project("{2150E333-8FDC-42A3-9474-1A3956D46DE8}") = "IMG BACKEND", "IMG BACKEND", "{FA04474E-3493-4D02-8398-02C2BE928785}"
EndProject
Project("{2150E333-8FDC-42A3-9474-1A3956D46DE8}") = "IMG FRONTEND", "IMG FRONTEND", "{27939E88-1FF0-422C-94BA-4E732DD638F5}"
EndProject
Project("{2150E333-8FDC-42A3-9474-1A3956D46DE8}") = "IMG SQL", "IMG SQL", "{4134FA18-2636-48A8-983E-08A1F2D221F8}"
	ProjectSection(SolutionItems) = preProject
		docker-compose.yml = docker-compose.yml
	EndProjectSection
EndProject
Project("{2150E333-8FDC-42A3-9474-1A3956D46DE8}") = "1. UI", "1. UI", "{D1B75F2C-D524-4996-B33C-1EA295D55443}"
EndProject
Project("{2150E333-8FDC-42A3-9474-1A3956D46DE8}") = "2. APPLICATION", "2. APPLICATION", "{F2DEDE3B-3B6F-4CDB-ABE7-4CA9E9DD6F02}"
EndProject
Project("{2150E333-8FDC-42A3-9474-1A3956D46DE8}") = "3. DOMAIN", "3. DOMAIN", "{037B6B1E-6F9D-4F71-99C2-3BACBF06B694}"
EndProject
Project("{2150E333-8FDC-42A3-9474-1A3956D46DE8}") = "4. INFRASTRUCTURE", "4. INFRASTRUCTURE", "{F45A4798-E26C-4F8D-827F-A9416853F7A4}"
EndProject
Project("{2150E333-8FDC-42A3-9474-1A3956D46DE8}") = "1.1 API", "1.1 API", "{BED1C34F-F2D5-4767-8579-C12EFD8F571D}"
EndProject
Project("{2150E333-8FDC-42A3-9474-1A3956D46DE8}") = "1.2 TEST", "1.2 TEST", "{0853BFBE-1C9D-4AD9-96DC-1031F0F65435}"
EndProject
Project("{9A19103F-16F7-4668-BE54-9A1E7A4F7556}") = "ECU.API.TEST", "ECU.API.TEST\ECU.API.TEST.csproj", "{BCCCF295-C12F-4A58-A507-80EEBB4D39F7}"
EndProject
Project("{9A19103F-16F7-4668-BE54-9A1E7A4F7556}") = "ECU.APPLICATION", "ECU.APPLICATION\ECU.APPLICATION.csproj", "{4BEC779C-03DB-4EF8-84B7-19BC6E651C6F}"
EndProject
Project("{9A19103F-16F7-4668-BE54-9A1E7A4F7556}") = "ECU.DOMAIN", "ECU.DOMAIN\ECU.DOMAIN.csproj", "{82F97EBB-8DE3-4AA2-92D3-59FD8D19C511}"
EndProject
Project("{9A19103F-16F7-4668-BE54-9A1E7A4F7556}") = "ECU.SQL.SERVER", "ECU.SQL.SERVER\ECU.SQL.SERVER.csproj", "{0ABCB1C4-F28D-4405-BBA0-7CC36ADDEC6B}"
EndProject
Project("{9A19103F-16F7-4668-BE54-9A1E7A4F7556}") = "ECU.SQL.MYSQL", "ECU.SQL.MYSQL\ECU.SQL.MYSQL.csproj", "{04A0B24D-7808-4FA0-899E-F214336CD615}"
EndProject
Project("{9A19103F-16F7-4668-BE54-9A1E7A4F7556}") = "ECU.HTTP", "ECU.HTTP\ECU.HTTP.csproj", "{4B2BA409-C65A-4745-A332-B44BE09ACF43}"
EndProject
Project("{9A19103F-16F7-4668-BE54-9A1E7A4F7556}") = "ECU.SOAP", "ECU.SOAP\ECU.SOAP.csproj", "{33E5F4F1-466D-4AAC-8709-4CBA300E43FB}"
EndProject
Project("{9A19103F-16F7-4668-BE54-9A1E7A4F7556}") = "ECU.API.AUTH", "ECU.API.AUTH\ECU.API.AUTH.csproj", "{66CA62F8-715A-4657-9B0A-DF8E51B498CC}"
EndProject
Project("{9A19103F-16F7-4668-BE54-9A1E7A4F7556}") = "ECU.API.MANTE", "ECU.API.MANTE\ECU.API.MANTE.csproj", "{DA9DBD18-7A52-40B8-96BD-FD8DF3D299BC}"
EndProject
Project("{54A90642-561A-4BB1-A94E-469ADEE60C69}") = "ECU.WEB", "ECU.WEB\ECU.WEB.esproj", "{CDE4A77B-3C9D-4386-AF55-0E7503594B76}"
EndProject
Project("{2150E333-8FDC-42A3-9474-1A3956D46DE8}") = "data", "data", "{992C4626-2E31-45F3-8F7F-10D06BF16B4B}"
EndProject
Global
	GlobalSection(SolutionConfigurationPlatforms) = preSolution
		Debug|Any CPU = Debug|Any CPU
		Release|Any CPU = Release|Any CPU
	EndGlobalSection
	GlobalSection(ProjectConfigurationPlatforms) = postSolution
		{BCCCF295-C12F-4A58-A507-80EEBB4D39F7}.Debug|Any CPU.ActiveCfg = Debug|Any CPU
		{BCCCF295-C12F-4A58-A507-80EEBB4D39F7}.Debug|Any CPU.Build.0 = Debug|Any CPU
		{BCCCF295-C12F-4A58-A507-80EEBB4D39F7}.Release|Any CPU.ActiveCfg = Release|Any CPU
		{BCCCF295-C12F-4A58-A507-80EEBB4D39F7}.Release|Any CPU.Build.0 = Release|Any CPU
		{4BEC779C-03DB-4EF8-84B7-19BC6E651C6F}.Debug|Any CPU.ActiveCfg = Debug|Any CPU
		{4BEC779C-03DB-4EF8-84B7-19BC6E651C6F}.Debug|Any CPU.Build.0 = Debug|Any CPU
		{4BEC779C-03DB-4EF8-84B7-19BC6E651C6F}.Release|Any CPU.ActiveCfg = Release|Any CPU
		{4BEC779C-03DB-4EF8-84B7-19BC6E651C6F}.Release|Any CPU.Build.0 = Release|Any CPU
		{82F97EBB-8DE3-4AA2-92D3-59FD8D19C511}.Debug|Any CPU.ActiveCfg = Debug|Any CPU
		{82F97EBB-8DE3-4AA2-92D3-59FD8D19C511}.Debug|Any CPU.Build.0 = Debug|Any CPU
		{82F97EBB-8DE3-4AA2-92D3-59FD8D19C511}.Release|Any CPU.ActiveCfg = Release|Any CPU
		{82F97EBB-8DE3-4AA2-92D3-59FD8D19C511}.Release|Any CPU.Build.0 = Release|Any CPU
		{0ABCB1C4-F28D-4405-BBA0-7CC36ADDEC6B}.Debug|Any CPU.ActiveCfg = Debug|Any CPU
		{0ABCB1C4-F28D-4405-BBA0-7CC36ADDEC6B}.Debug|Any CPU.Build.0 = Debug|Any CPU
		{0ABCB1C4-F28D-4405-BBA0-7CC36ADDEC6B}.Release|Any CPU.ActiveCfg = Release|Any CPU
		{0ABCB1C4-F28D-4405-BBA0-7CC36ADDEC6B}.Release|Any CPU.Build.0 = Release|Any CPU
		{04A0B24D-7808-4FA0-899E-F214336CD615}.Debug|Any CPU.ActiveCfg = Debug|Any CPU
		{04A0B24D-7808-4FA0-899E-F214336CD615}.Debug|Any CPU.Build.0 = Debug|Any CPU
		{04A0B24D-7808-4FA0-899E-F214336CD615}.Release|Any CPU.ActiveCfg = Release|Any CPU
		{04A0B24D-7808-4FA0-899E-F214336CD615}.Release|Any CPU.Build.0 = Release|Any CPU
		{4B2BA409-C65A-4745-A332-B44BE09ACF43}.Debug|Any CPU.ActiveCfg = Debug|Any CPU
		{4B2BA409-C65A-4745-A332-B44BE09ACF43}.Debug|Any CPU.Build.0 = Debug|Any CPU
		{4B2BA409-C65A-4745-A332-B44BE09ACF43}.Release|Any CPU.ActiveCfg = Release|Any CPU
		{4B2BA409-C65A-4745-A332-B44BE09ACF43}.Release|Any CPU.Build.0 = Release|Any CPU
		{33E5F4F1-466D-4AAC-8709-4CBA300E43FB}.Debug|Any CPU.ActiveCfg = Debug|Any CPU
		{33E5F4F1-466D-4AAC-8709-4CBA300E43FB}.Debug|Any CPU.Build.0 = Debug|Any CPU
		{33E5F4F1-466D-4AAC-8709-4CBA300E43FB}.Release|Any CPU.ActiveCfg = Release|Any CPU
		{33E5F4F1-466D-4AAC-8709-4CBA300E43FB}.Release|Any CPU.Build.0 = Release|Any CPU
		{66CA62F8-715A-4657-9B0A-DF8E51B498CC}.Debug|Any CPU.ActiveCfg = Debug|Any CPU
		{66CA62F8-715A-4657-9B0A-DF8E51B498CC}.Debug|Any CPU.Build.0 = Debug|Any CPU
		{66CA62F8-715A-4657-9B0A-DF8E51B498CC}.Release|Any CPU.ActiveCfg = Release|Any CPU
		{66CA62F8-715A-4657-9B0A-DF8E51B498CC}.Release|Any CPU.Build.0 = Release|Any CPU
		{DA9DBD18-7A52-40B8-96BD-FD8DF3D299BC}.Debug|Any CPU.ActiveCfg = Debug|Any CPU
		{DA9DBD18-7A52-40B8-96BD-FD8DF3D299BC}.Debug|Any CPU.Build.0 = Debug|Any CPU
		{DA9DBD18-7A52-40B8-96BD-FD8DF3D299BC}.Release|Any CPU.ActiveCfg = Release|Any CPU
		{DA9DBD18-7A52-40B8-96BD-FD8DF3D299BC}.Release|Any CPU.Build.0 = Release|Any CPU
		{CDE4A77B-3C9D-4386-AF55-0E7503594B76}.Debug|Any CPU.ActiveCfg = Debug|Any CPU
		{CDE4A77B-3C9D-4386-AF55-0E7503594B76}.Debug|Any CPU.Build.0 = Debug|Any CPU
		{CDE4A77B-3C9D-4386-AF55-0E7503594B76}.Debug|Any CPU.Deploy.0 = Debug|Any CPU
		{CDE4A77B-3C9D-4386-AF55-0E7503594B76}.Release|Any CPU.ActiveCfg = Release|Any CPU
		{CDE4A77B-3C9D-4386-AF55-0E7503594B76}.Release|Any CPU.Build.0 = Release|Any CPU
		{CDE4A77B-3C9D-4386-AF55-0E7503594B76}.Release|Any CPU.Deploy.0 = Release|Any CPU
	EndGlobalSection
	GlobalSection(SolutionProperties) = preSolution
		HideSolutionNode = FALSE
	EndGlobalSection
	GlobalSection(NestedProjects) = preSolution
		{D1B75F2C-D524-4996-B33C-1EA295D55443} = {FA04474E-3493-4D02-8398-02C2BE928785}
		{F2DEDE3B-3B6F-4CDB-ABE7-4CA9E9DD6F02} = {FA04474E-3493-4D02-8398-02C2BE928785}
		{037B6B1E-6F9D-4F71-99C2-3BACBF06B694} = {FA04474E-3493-4D02-8398-02C2BE928785}
		{F45A4798-E26C-4F8D-827F-A9416853F7A4} = {FA04474E-3493-4D02-8398-02C2BE928785}
		{BED1C34F-F2D5-4767-8579-C12EFD8F571D} = {D1B75F2C-D524-4996-B33C-1EA295D55443}
		{0853BFBE-1C9D-4AD9-96DC-1031F0F65435} = {D1B75F2C-D524-4996-B33C-1EA295D55443}
		{BCCCF295-C12F-4A58-A507-80EEBB4D39F7} = {0853BFBE-1C9D-4AD9-96DC-1031F0F65435}
		{4BEC779C-03DB-4EF8-84B7-19BC6E651C6F} = {F2DEDE3B-3B6F-4CDB-ABE7-4CA9E9DD6F02}
		{82F97EBB-8DE3-4AA2-92D3-59FD8D19C511} = {037B6B1E-6F9D-4F71-99C2-3BACBF06B694}
		{0ABCB1C4-F28D-4405-BBA0-7CC36ADDEC6B} = {F45A4798-E26C-4F8D-827F-A9416853F7A4}
		{04A0B24D-7808-4FA0-899E-F214336CD615} = {F45A4798-E26C-4F8D-827F-A9416853F7A4}
		{4B2BA409-C65A-4745-A332-B44BE09ACF43} = {F45A4798-E26C-4F8D-827F-A9416853F7A4}
		{33E5F4F1-466D-4AAC-8709-4CBA300E43FB} = {F45A4798-E26C-4F8D-827F-A9416853F7A4}
		{66CA62F8-715A-4657-9B0A-DF8E51B498CC} = {BED1C34F-F2D5-4767-8579-C12EFD8F571D}
		{DA9DBD18-7A52-40B8-96BD-FD8DF3D299BC} = {BED1C34F-F2D5-4767-8579-C12EFD8F571D}
		{CDE4A77B-3C9D-4386-AF55-0E7503594B76} = {27939E88-1FF0-422C-94BA-4E732DD638F5}
		{992C4626-2E31-45F3-8F7F-10D06BF16B4B} = {4134FA18-2636-48A8-983E-08A1F2D221F8}
	EndGlobalSection
	GlobalSection(ExtensibilityGlobals) = postSolution
		SolutionGuid = {1E7728C0-6AF1-46C3-8E31-6A992B2B5E2E}
	EndGlobalSection
EndGlobal
